{
  "name": "eventstore-cli",
  "version": "1.0.1",
  "lockfileVersion": 1,
  "requires": true,
  "dependencies": {
    "@protobufjs/aspromise": {
      "version": "1.1.2",
      "resolved": "https://registry.npmjs.org/@protobufjs/aspromise/-/aspromise-1.1.2.tgz",
      "integrity": "sha1-m4sMxmPWaafY9vXQiToU00jzD78="
    },
    "@protobufjs/base64": {
      "version": "1.1.2",
      "resolved": "https://registry.npmjs.org/@protobufjs/base64/-/base64-1.1.2.tgz",
      "integrity": "sha512-AZkcAA5vnN/v4PDqKyMR5lx7hZttPDgClv83E//FMNhR2TMcLUhfRUBHCmSl0oi9zMgDDqRUJkSxO3wm85+XLg=="
    },
    "@protobufjs/codegen": {
      "version": "2.0.4",
      "resolved": "https://registry.npmjs.org/@protobufjs/codegen/-/codegen-2.0.4.tgz",
      "integrity": "sha512-YyFaikqM5sH0ziFZCN3xDC7zeGaB/d0IUb9CATugHWbd1FRFwWwt4ld4OYMPWu5a3Xe01mGAULCdqhMlPl29Jg=="
    },
    "@protobufjs/eventemitter": {
      "version": "1.1.0",
      "resolved": "https://registry.npmjs.org/@protobufjs/eventemitter/-/eventemitter-1.1.0.tgz",
      "integrity": "sha1-NVy8mLr61ZePntCV85diHx0Ga3A="
    },
    "@protobufjs/fetch": {
      "version": "1.1.0",
      "resolved": "https://registry.npmjs.org/@protobufjs/fetch/-/fetch-1.1.0.tgz",
      "integrity": "sha1-upn7WYYUr2VwDBYZ/wbUVLDYTEU=",
      "requires": {
        "@protobufjs/aspromise": "1.1.2",
        "@protobufjs/inquire": "1.1.0"
      }
    },
    "@protobufjs/float": {
      "version": "1.0.2",
      "resolved": "https://registry.npmjs.org/@protobufjs/float/-/float-1.0.2.tgz",
      "integrity": "sha1-Xp4avctz/Ap8uLKR33jIy9l7h9E="
    },
    "@protobufjs/inquire": {
      "version": "1.1.0",
      "resolved": "https://registry.npmjs.org/@protobufjs/inquire/-/inquire-1.1.0.tgz",
      "integrity": "sha1-/yAOPnzyQp4tyvwRQIKOjMY48Ik="
    },
    "@protobufjs/path": {
      "version": "1.1.2",
      "resolved": "https://registry.npmjs.org/@protobufjs/path/-/path-1.1.2.tgz",
      "integrity": "sha1-bMKyDFya1q0NzP0hynZz2Nf79o0="
    },
    "@protobufjs/pool": {
      "version": "1.1.0",
      "resolved": "https://registry.npmjs.org/@protobufjs/pool/-/pool-1.1.0.tgz",
      "integrity": "sha1-Cf0V8tbTq/qbZbw2ZQbWrXhG/1Q="
    },
    "@protobufjs/utf8": {
      "version": "1.1.0",
      "resolved": "https://registry.npmjs.org/@protobufjs/utf8/-/utf8-1.1.0.tgz",
      "integrity": "sha1-p3c2C1s5oaLlEG+OhY8v0tBgxXA="
    },
    "@types/long": {
      "version": "3.0.31",
      "resolved": "https://registry.npmjs.org/@types/long/-/long-3.0.31.tgz",
      "integrity": "sha1-CGNbDQ0yJnaUDBqIp6nO9mHG80o="
    },
    "@types/node": {
      "version": "6.0.79",
      "resolved": "https://registry.npmjs.org/@types/node/-/node-6.0.79.tgz",
      "integrity": "sha512-7F3/P6MkTPA0QxOstRqfcnoReCUy5V/QG92cyBoZSPnqdX44L8TtNELSVfN56gAttm3YWj9cEi8FRIPVq0WmeQ=="
    },
    "alco": {
      "version": "1.0.1",
      "resolved": "https://registry.npmjs.org/alco/-/alco-1.0.1.tgz",
      "integrity": "sha512-qgbqKy6gv78sKHhG3iByI0HjMPlJdNc9Zog3Lf4qr7DvBsWNnDo+CReCzLMZeigXR2MNll4tvCCzRoUdLaxHCQ==",
      "requires": {
        "rxjs": "5.4.1"
      }
    },
    "eventstore-rx": {
      "version": "1.0.4",
      "resolved": "https://registry.npmjs.org/eventstore-rx/-/eventstore-rx-1.0.4.tgz",
      "integrity": "sha512-cTD3431AR9NI/1xEsyBH+Iw4GgyiParNJ8OdHCr/KxC800t2SbeBKyGLGO7rFo7d+ZINrnH1p+pIec7itlbNHA==",
      "requires": {
        "fifo": "2.3.0",
        "lodash": "4.17.4",
        "node-eventstore-client-temp": "0.1.4",
        "rxjs": "5.4.1"
      }
    },
    "fifo": {
      "version": "2.3.0",
      "resolved": "https://registry.npmjs.org/fifo/-/fifo-2.3.0.tgz",
      "integrity": "sha1-GC3o3QYyqkfPaBbZvEMjMX1SWdw="
    },
    "lodash": {
      "version": "4.17.4",
      "resolved": "https://registry.npmjs.org/lodash/-/lodash-4.17.4.tgz",
      "integrity": "sha1-eCA6TRwyiuHYbcpkYONptX9AVa4="
    },
    "long": {
      "version": "3.2.0",
      "resolved": "https://registry.npmjs.org/long/-/long-3.2.0.tgz",
      "integrity": "sha1-2CG3E4yhy1gcFymQ7xTbIAtcR0s="
    },
    "node-eventstore-client-temp": {
      "version": "0.1.4",
      "resolved": "https://registry.npmjs.org/node-eventstore-client-temp/-/node-eventstore-client-temp-0.1.4.tgz",
      "integrity": "sha512-/FmbhvqrWVxi2GPlwX2d3ncVhCIxL6pQipSYQ5Xj3KT1vxh+1Qpggq05Mxw3w9LgjY9OgeXGm5QE4risiNDeEA==",
      "requires": {
        "@types/long": "3.0.31",
        "@types/node": "6.0.79",
        "long": "3.2.0",
        "protobufjs": "6.8.0",
        "uuid": "3.1.0",
        "uuid-parse": "1.0.0"
      }
    },
    "protobufjs": {
      "version": "6.8.0",
      "resolved": "https://registry.npmjs.org/protobufjs/-/protobufjs-6.8.0.tgz",
      "integrity": "sha512-47Y49f5JN5Qsbxas2TyI2zFO8j9GpQAQm5thf54fr2O8qcP/jkIXYxmYx1hN2WQFAhESU1xpVn5NWVDBB8WFnw==",
      "requires": {
        "@protobufjs/aspromise": "1.1.2",
        "@protobufjs/base64": "1.1.2",
        "@protobufjs/codegen": "2.0.4",
        "@protobufjs/eventemitter": "1.1.0",
        "@protobufjs/fetch": "1.1.0",
        "@protobufjs/float": "1.0.2",
        "@protobufjs/inquire": "1.1.0",
        "@protobufjs/path": "1.1.2",
        "@protobufjs/pool": "1.1.0",
        "@protobufjs/utf8": "1.1.0",
        "@types/long": "3.0.31",
        "@types/node": "7.0.33",
        "long": "3.2.0"
      },
      "dependencies": {
        "@types/node": {
          "version": "7.0.33",
          "resolved": "https://registry.npmjs.org/@types/node/-/node-7.0.33.tgz",
          "integrity": "sha512-8fVvl6Yyk3jZvSYxRMS9/AmZJ5RXCOP9N4xSlykyBViVESu751pxHYTN14Embn1Fem78YwEHdC7p7KGQQpwunw=="
        }
      }
    },
    "rxjs": {
      "version": "5.4.1",
      "resolved": "https://registry.npmjs.org/rxjs/-/rxjs-5.4.1.tgz",
      "integrity": "sha1-ti91fyeURdJloYpY+wpw3JDpFiY=",
      "requires": {
        "symbol-observable": "1.0.4"
      }
    },
    "symbol-observable": {
      "version": "1.0.4",
      "resolved": "https://registry.npmjs.org/symbol-observable/-/symbol-observable-1.0.4.tgz",
      "integrity": "sha1-Kb9hXUqnEhvdiYsi1LP5vE4qoD0="
    },
    "uuid": {
      "version": "3.1.0",
      "resolved": "https://registry.npmjs.org/uuid/-/uuid-3.1.0.tgz",
      "integrity": "sha512-DIWtzUkw04M4k3bf1IcpS2tngXEL26YUD2M0tMDUpnUrz2hgzUBlD55a4FjdLGPvfHxS6uluGWvaVEqgBcVa+g=="
    },
    "uuid-parse": {
      "version": "1.0.0",
      "resolved": "https://registry.npmjs.org/uuid-parse/-/uuid-parse-1.0.0.tgz",
      "integrity": "sha1-9GV3F2JLDkuIrzb5jYlYmlu+5Wk="
    }
  }
}
